# @generated - this file is auto-generated by `mise lock` https://mise.jdx.dev/dev-tools/mise-lock.html

lockfile_version = 1

[[tools.betterleaks]]
version = "1.8.1"
backend = "aqua:betterleaks/betterleaks"
specifiers = [
    "1.8.1",
    "latest",
]

[tools.betterleaks."platforms.linux-arm64"]
checksum = "sha256:bbb578b12a2f65d7082ab436abf37724232bc71d8a078e3c41336574420f1b48"
url = "https://github.com/betterleaks/betterleaks/releases/download/v1.8.1/betterleaks_1.8.1_linux_arm64.tar.gz"
url_api = "https://api.github.com/repos/betterleaks/betterleaks/releases/assets/519981771"
provenance = "cosign"

[tools.betterleaks."platforms.linux-arm64-musl"]
checksum = "sha256:bbb578b12a2f65d7082ab436abf37724232bc71d8a078e3c41336574420f1b48"
url = "https://github.com/betterleaks/betterleaks/releases/download/v1.8.1/betterleaks_1.8.1_linux_arm64.tar.gz"
url_api = "https://api.github.com/repos/betterleaks/betterleaks/releases/assets/519981771"
provenance = "cosign"

[tools.betterleaks."platforms.linux-x64"]
checksum = "sha256:efa407244e1ea8e35f582b8a42becdeac08bdead04f68eb752adda722d583c2a"
url = "https://github.com/betterleaks/betterleaks/releases/download/v1.8.1/betterleaks_1.8.1_linux_x64.tar.gz"
url_api = "https://api.github.com/repos/betterleaks/betterleaks/releases/assets/519981768"
provenance = "cosign"

[tools.betterleaks."platforms.linux-x64-musl"]
checksum = "sha256:efa407244e1ea8e35f582b8a42becdeac08bdead04f68eb752adda722d583c2a"
url = "https://github.com/betterleaks/betterleaks/releases/download/v1.8.1/betterleaks_1.8.1_linux_x64.tar.gz"
url_api = "https://api.github.com/repos/betterleaks/betterleaks/releases/assets/519981768"
provenance = "cosign"

[tools.betterleaks."platforms.macos-arm64"]
checksum = "sha256:8e80f33b5f2a7426b390347b9fd466033723cb94b6bdffa7572632e2eaec964e"
url = "https://github.com/betterleaks/betterleaks/releases/download/v1.8.1/betterleaks_1.8.1_darwin_arm64.tar.gz"
url_api = "https://api.github.com/repos/betterleaks/betterleaks/releases/assets/519981770"
provenance = "cosign"

[tools.betterleaks."platforms.macos-x64"]
checksum = "sha256:6abc37df76f881cffae406aa2cec72bea6e6ae64b4e771b3ed21b4aac472ed10"
url = "https://github.com/betterleaks/betterleaks/releases/download/v1.8.1/betterleaks_1.8.1_darwin_x64.tar.gz"
url_api = "https://api.github.com/repos/betterleaks/betterleaks/releases/assets/519981772"
provenance = "cosign"

[tools.betterleaks."platforms.windows-x64"]
checksum = "sha256:94310d028285a1bcce7f160bc19eb62f87de6460c95bfd4319151ef5b501ed3f"
url = "https://github.com/betterleaks/betterleaks/releases/download/v1.8.1/betterleaks_1.8.1_windows_x64.zip"
url_api = "https://api.github.com/repos/betterleaks/betterleaks/releases/assets/519981798"
provenance = "cosign"

[[tools.gitleaks]]
version = "8.30.1"
backend = "aqua:gitleaks/gitleaks"
specifiers = ["latest"]

[tools.gitleaks."platforms.linux-arm64"]
checksum = "sha256:e4a487ee7ccd7d3a7f7ec08657610aa3606637dab924210b3aee62570fb4b080"
url = "https://github.com/gitleaks/gitleaks/releases/download/v8.30.1/gitleaks_8.30.1_linux_arm64.tar.gz"
url_api = "https://api.github.com/repos/gitleaks/gitleaks/releases/assets/378332057"

[tools.gitleaks."platforms.linux-arm64-musl"]
checksum = "sha256:e4a487ee7ccd7d3a7f7ec08657610aa3606637dab924210b3aee62570fb4b080"
url = "https://github.com/gitleaks/gitleaks/releases/download/v8.30.1/gitleaks_8.30.1_linux_arm64.tar.gz"
url_api = "https://api.github.com/repos/gitleaks/gitleaks/releases/assets/378332057"

[tools.gitleaks."platforms.linux-x64"]
checksum = "sha256:551f6fc83ea457d62a0d98237cbad105af8d557003051f41f3e7ca7b3f2470eb"
url = "https://github.com/gitleaks/gitleaks/releases/download/v8.30.1/gitleaks_8.30.1_linux_x64.tar.gz"
url_api = "https://api.github.com/repos/gitleaks/gitleaks/releases/assets/378332058"

[tools.gitleaks."platforms.linux-x64-musl"]
checksum = "sha256:551f6fc83ea457d62a0d98237cbad105af8d557003051f41f3e7ca7b3f2470eb"
url = "https://github.com/gitleaks/gitleaks/releases/download/v8.30.1/gitleaks_8.30.1_linux_x64.tar.gz"
url_api = "https://api.github.com/repos/gitleaks/gitleaks/releases/assets/378332058"

[tools.gitleaks."platforms.macos-arm64"]
checksum = "sha256:b40ab0ae55c505963e365f271a8d3846efbc170aa17f2607f13df610a9aeb6a5"
url = "https://github.com/gitleaks/gitleaks/releases/download/v8.30.1/gitleaks_8.30.1_darwin_arm64.tar.gz"
url_api = "https://api.github.com/repos/gitleaks/gitleaks/releases/assets/378332059"

[tools.gitleaks."platforms.macos-x64"]
checksum = "sha256:dfe101a4db2255fc85120ac7f3d25e4342c3c20cf749f2c20a18081af1952709"
url = "https://github.com/gitleaks/gitleaks/releases/download/v8.30.1/gitleaks_8.30.1_darwin_x64.tar.gz"
url_api = "https://api.github.com/repos/gitleaks/gitleaks/releases/assets/378332053"

[tools.gitleaks."platforms.windows-x64"]
checksum = "sha256:d29144deff3a68aa93ced33dddf84b7fdc26070add4aa0f4513094c8332afc4e"
url = "https://github.com/gitleaks/gitleaks/releases/download/v8.30.1/gitleaks_8.30.1_windows_x64.zip"
url_api = "https://api.github.com/repos/gitleaks/gitleaks/releases/assets/378333178"

[[tools.java]]
version = "temurin-17.0.20+8"
backend = "core:java"
specifiers = ["temurin-17"]

[tools.java."platforms.linux-arm64"]
checksum = "sha256:d143936f473a4cb24e3b0e247d6d0775769d55ec9775c339540e753059a8d77a"
url = "https://github.com/adoptium/temurin17-binaries/releases/download/jdk-17.0.20%2B8/OpenJDK17U-jdk_aarch64_linux_hotspot_17.0.20_8.tar.gz"

[tools.java."platforms.linux-x64"]
checksum = "sha256:be7668bc030d578b83d6d5ef9221d6d6729bbbca8cf94a7d52e16ac68b5a5a35"
url = "https://github.com/adoptium/temurin17-binaries/releases/download/jdk-17.0.20%2B8/OpenJDK17U-jdk_x64_linux_hotspot_17.0.20_8.tar.gz"

[tools.java."platforms.linux-x64-musl"]
checksum = "sha256:c8bb5bc6984762dbce2ab7403d90832b6897c07f36f8706e4a315aa7a566d04d"
url = "https://github.com/adoptium/temurin17-binaries/releases/download/jdk-17.0.20%2B8/OpenJDK17U-jdk_x64_alpine-linux_hotspot_17.0.20_8.tar.gz"

[tools.java."platforms.macos-arm64"]
checksum = "sha256:524850138c742324fb21fca4ff6ef68ea25f25bf59366a864e45b4a0c45ed0df"
url = "https://github.com/adoptium/temurin17-binaries/releases/download/jdk-17.0.20%2B8/OpenJDK17U-jdk_aarch64_mac_hotspot_17.0.20_8.tar.gz"

[tools.java."platforms.macos-x64"]
checksum = "sha256:3710c3131c5d7c090582b357f1310133a90bf701183d065223f1a0b90b9ed5ae"
url = "https://github.com/adoptium/temurin17-binaries/releases/download/jdk-17.0.20%2B8/OpenJDK17U-jdk_x64_mac_hotspot_17.0.20_8.tar.gz"

[tools.java."platforms.windows-x64"]
checksum = "sha256:418497be5cf585bdd2203d6486a565d66d3f5e992d5630d45104cb873fab8122"
url = "https://github.com/adoptium/temurin17-binaries/releases/download/jdk-17.0.20%2B8/OpenJDK17U-jdk_x64_windows_hotspot_17.0.20_8.zip"

[[tools.lefthook]]
version = "2.1.10"
backend = "aqua:evilmartians/lefthook"
specifiers = [
    "2.1.10",
    "latest",
]

[tools.lefthook."platforms.linux-arm64"]
checksum = "sha256:6380a6ad6dd484466fd69bd83f24491d6ec27dc0b84e837be025620f7c4e11e3"
url = "https://github.com/evilmartians/lefthook/releases/download/v2.1.10/lefthook_2.1.10_Linux_aarch64.gz"
url_api = "https://api.github.com/repos/evilmartians/lefthook/releases/assets/470227512"
provenance = "github-attestations"

[tools.lefthook."platforms.linux-arm64-musl"]
checksum = "sha256:6380a6ad6dd484466fd69bd83f24491d6ec27dc0b84e837be025620f7c4e11e3"
url = "https://github.com/evilmartians/lefthook/releases/download/v2.1.10/lefthook_2.1.10_Linux_aarch64.gz"
url_api = "https://api.github.com/repos/evilmartians/lefthook/releases/assets/470227512"
provenance = "github-attestations"

[tools.lefthook."platforms.linux-x64"]
checksum = "sha256:0b14162a0bb2f0c64ae0759f6102f6e19c4d00981666a8ac73d4f5a6878ada4f"
url = "https://github.com/evilmartians/lefthook/releases/download/v2.1.10/lefthook_2.1.10_Linux_x86_64.gz"
url_api = "https://api.github.com/repos/evilmartians/lefthook/releases/assets/470227493"
provenance = "github-attestations"

[tools.lefthook."platforms.linux-x64-musl"]
checksum = "sha256:0b14162a0bb2f0c64ae0759f6102f6e19c4d00981666a8ac73d4f5a6878ada4f"
url = "https://github.com/evilmartians/lefthook/releases/download/v2.1.10/lefthook_2.1.10_Linux_x86_64.gz"
url_api = "https://api.github.com/repos/evilmartians/lefthook/releases/assets/470227493"
provenance = "github-attestations"

[tools.lefthook."platforms.macos-arm64"]
checksum = "sha256:1dd4dc7b4c50efb1f9d9122cd6535c793738d6e59751c228d49f768ec9dbb604"
url = "https://github.com/evilmartians/lefthook/releases/download/v2.1.10/lefthook_2.1.10_MacOS_arm64.gz"
url_api = "https://api.github.com/repos/evilmartians/lefthook/releases/assets/470227499"
provenance = "github-attestations"

[tools.lefthook."platforms.macos-x64"]
checksum = "sha256:49d905f28ca46442cb236060058b252da650b5f7b864bd275b61aa46945e8c4a"
url = "https://github.com/evilmartians/lefthook/releases/download/v2.1.10/lefthook_2.1.10_MacOS_x86_64.gz"
url_api = "https://api.github.com/repos/evilmartians/lefthook/releases/assets/470227495"
provenance = "github-attestations"

[tools.lefthook."platforms.windows-x64"]
checksum = "sha256:beabbce824641ae71229ed11dd8634f47148921cb649d25c90441b737481494a"
url = "https://github.com/evilmartians/lefthook/releases/download/v2.1.10/lefthook_2.1.10_Windows_x86_64.gz"
url_api = "https://api.github.com/repos/evilmartians/lefthook/releases/assets/470227505"
provenance = "github-attestations"

[[tools.opa]]
version = "1.19.1"
backend = "aqua:open-policy-agent/opa"
specifiers = ["1.19.1"]

[tools.opa."platforms.linux-arm64"]
checksum = "sha256:19dcb5186fd394c32023918c53eaacda55f835abb05e13e0f9a766dd1429494f"
url = "https://github.com/open-policy-agent/opa/releases/download/v1.19.1/opa_linux_arm64_static"
url_api = "https://api.github.com/repos/open-policy-agent/opa/releases/assets/518113120"

[tools.opa."platforms.linux-arm64-musl"]
checksum = "sha256:19dcb5186fd394c32023918c53eaacda55f835abb05e13e0f9a766dd1429494f"
url = "https://github.com/open-policy-agent/opa/releases/download/v1.19.1/opa_linux_arm64_static"
url_api = "https://api.github.com/repos/open-policy-agent/opa/releases/assets/518113120"

[tools.opa."platforms.linux-x64"]
checksum = "sha256:c9f985ce0d345f5484006ade2c695ed9e3f308e4441139e46695c5c182ac0839"
url = "https://github.com/open-policy-agent/opa/releases/download/v1.19.1/opa_linux_amd64_static"
url_api = "https://api.github.com/repos/open-policy-agent/opa/releases/assets/518113083"

[tools.opa."platforms.linux-x64-musl"]
checksum = "sha256:c9f985ce0d345f5484006ade2c695ed9e3f308e4441139e46695c5c182ac0839"
url = "https://github.com/open-policy-agent/opa/releases/download/v1.19.1/opa_linux_amd64_static"
url_api = "https://api.github.com/repos/open-policy-agent/opa/releases/assets/518113083"

[tools.opa."platforms.macos-arm64"]
checksum = "sha256:805ce3f336154150bef73bafa2dab8806631851bccc7cae95bef46ffabdf8fc3"
url = "https://github.com/open-policy-agent/opa/releases/download/v1.19.1/opa_darwin_arm64_static"
url_api = "https://api.github.com/repos/open-policy-agent/opa/releases/assets/518113053"

[tools.opa."platforms.macos-x64"]
checksum = "sha256:80a9e2bce1a44fd81dc4b5415439918786b4685f0709d533d0005abea7e10e02"
url = "https://github.com/open-policy-agent/opa/releases/download/v1.19.1/opa_darwin_amd64"
url_api = "https://api.github.com/repos/open-policy-agent/opa/releases/assets/518113056"

[tools.opa."platforms.windows-x64"]
checksum = "sha256:fc932e644652d5634bc0d7a5e5f455dd26ebf5b243682a81eddf6d387a901e2e"
url = "https://github.com/open-policy-agent/opa/releases/download/v1.19.1/opa_windows_amd64.exe"
url_api = "https://api.github.com/repos/open-policy-agent/opa/releases/assets/518113125"

[[tools.regal]]
version = "0.42.0"
backend = "aqua:open-policy-agent/regal"
specifiers = ["0.42.0"]

[tools.regal."platforms.linux-arm64"]
checksum = "sha256:13a2ba4a049fa8f3f64ed602a56bad1378eec253d36a977799ff51e694e47c77"
url = "https://github.com/open-policy-agent/regal/releases/download/v0.42.0/regal_Linux_arm64"
url_api = "https://api.github.com/repos/open-policy-agent/regal/releases/assets/479238684"

[tools.regal."platforms.linux-arm64-musl"]
checksum = "sha256:13a2ba4a049fa8f3f64ed602a56bad1378eec253d36a977799ff51e694e47c77"
url = "https://github.com/open-policy-agent/regal/releases/download/v0.42.0/regal_Linux_arm64"
url_api = "https://api.github.com/repos/open-policy-agent/regal/releases/assets/479238684"

[tools.regal."platforms.linux-x64"]
checksum = "sha256:2ebd3c93e4b325b735dbc4851a033e4d7830e88a79c47c8d087ea75c061cec67"
url = "https://github.com/open-policy-agent/regal/releases/download/v0.42.0/regal_Linux_x86_64"
url_api = "https://api.github.com/repos/open-policy-agent/regal/releases/assets/479238713"

[tools.regal."platforms.linux-x64-musl"]
checksum = "sha256:2ebd3c93e4b325b735dbc4851a033e4d7830e88a79c47c8d087ea75c061cec67"
url = "https://github.com/open-policy-agent/regal/releases/download/v0.42.0/regal_Linux_x86_64"
url_api = "https://api.github.com/repos/open-policy-agent/regal/releases/assets/479238713"

[tools.regal."platforms.macos-arm64"]
checksum = "sha256:c3ee16c956b8cd5b3aeb53414afbd2a11b0dff1aa1e726fc91e33e7adef31845"
url = "https://github.com/open-policy-agent/regal/releases/download/v0.42.0/regal_Darwin_arm64"
url_api = "https://api.github.com/repos/open-policy-agent/regal/releases/assets/479238681"

[tools.regal."platforms.macos-x64"]
checksum = "sha256:b8fe86028a9730ab6c6fbdf2ef292596b1a0037c3c1accbd0dd00a8724935ff7"
url = "https://github.com/open-policy-agent/regal/releases/download/v0.42.0/regal_Darwin_x86_64"
url_api = "https://api.github.com/repos/open-policy-agent/regal/releases/assets/479238686"

[tools.regal."platforms.windows-x64"]
checksum = "sha256:d113463872746511276983575322c5b6706479fd231e865d3584ed98e777c50f"
url = "https://github.com/open-policy-agent/regal/releases/download/v0.42.0/regal_Windows_x86_64.exe"
url_api = "https://api.github.com/repos/open-policy-agent/regal/releases/assets/479238685"

[[tools.uv]]
version = "0.12.5"
backend = "aqua:astral-sh/uv"
specifiers = [
    "0.12.5",
    "latest",
]

[tools.uv."platforms.linux-arm64"]
checksum = "sha256:9bf43b4d1a07665bf64d4c4e710930b382321a785e0eb10aac07f46471f86a31"
url = "https://github.com/astral-sh/uv/releases/download/0.12.5/uv-aarch64-unknown-linux-gnu.tar.gz"
url_api = "https://api.github.com/repos/astral-sh/uv/releases/assets/514850990"
provenance = "github-attestations"

[tools.uv."platforms.linux-arm64-musl"]
checksum = "sha256:8767a0e77f2cd45436401b1b42bf7e9ed5a4a91a74a5305d6fe93249d0f6dbc5"
url = "https://github.com/astral-sh/uv/releases/download/0.12.5/uv-aarch64-unknown-linux-musl.tar.gz"
url_api = "https://api.github.com/repos/astral-sh/uv/releases/assets/514850993"
provenance = "github-attestations"

[tools.uv."platforms.linux-x64"]
checksum = "sha256:68a509da24b06b4223a1c0175fb5eb5bc79342b76cbeff0cfe51ac3f5b17b6b2"
url = "https://github.com/astral-sh/uv/releases/download/0.12.5/uv-x86_64-unknown-linux-gnu.tar.gz"
url_api = "https://api.github.com/repos/astral-sh/uv/releases/assets/514851093"
provenance = "github-attestations"

[tools.uv."platforms.linux-x64-musl"]
checksum = "sha256:a4742988791c9aeae68c78150d6cba762062ad2a47e53738c2779d2b596bfcdb"
url = "https://github.com/astral-sh/uv/releases/download/0.12.5/uv-x86_64-unknown-linux-musl.tar.gz"
url_api = "https://api.github.com/repos/astral-sh/uv/releases/assets/514851105"
provenance = "github-attestations"

[tools.uv."platforms.macos-arm64"]
checksum = "sha256:5bb0e5fe008a773c3dbcb97ff79cd89e1241464fe9d2f986d52ad8f1b037bd62"
url = "https://github.com/astral-sh/uv/releases/download/0.12.5/uv-aarch64-apple-darwin.tar.gz"
url_api = "https://api.github.com/repos/astral-sh/uv/releases/assets/514850968"
provenance = "github-attestations"

[tools.uv."platforms.macos-x64"]
checksum = "sha256:b3b2137477cf96c9686ebfb71524614cec780c673fd73e59bce099aef02e70e8"
url = "https://github.com/astral-sh/uv/releases/download/0.12.5/uv-x86_64-apple-darwin.tar.gz"
url_api = "https://api.github.com/repos/astral-sh/uv/releases/assets/514851078"
provenance = "github-attestations"

[tools.uv."platforms.windows-x64"]
checksum = "sha256:4c4d49d8738847d9b71ba319e49a5688c93eac0fe6204b1df24e98528dddf39a"
url = "https://github.com/astral-sh/uv/releases/download/0.12.5/uv-x86_64-pc-windows-msvc.zip"
url_api = "https://api.github.com/repos/astral-sh/uv/releases/assets/514851084"
provenance = "github-attestations"
